
Microsoft Visual Studio Solution File, Format Version 12.00
# Visual Studio Version 17
VisualStudioVersion = 17.14.36429.23 d17.14
MinimumVisualStudioVersion = 10.0.40219.1
Project("{FAE04EC0-301F-11D3-BF4B-00C04F79EFBC}") = "datastructure_demo", "datastructure_demo.csproj", "{CADB2D62-B1F2-462E-9E51-00AAC73574C6}"
EndProject
Global
	GlobalSection(SolutionConfigurationPlatforms) = preSolution
		Debug|Any CPU = Debug|Any CPU
		Release|Any CPU = Release|Any CPU
	EndGlobalSection
	GlobalSection(ProjectConfigurationPlatforms) = postSolution
		{CADB2D62-B1F2-462E-9E51-00AAC73574C6}.Debug|Any CPU.ActiveCfg = Debug|Any CPU
		{CADB2D62-B1F2-462E-9E51-00AAC73574C6}.Debug|Any CPU.Build.0 = Debug|Any CPU
		{CADB2D62-B1F2-462E-9E51-00AAC73574C6}.Release|Any CPU.ActiveCfg = Release|Any CPU
		{CADB2D62-B1F2-462E-9E51-00AAC73574C6}.Release|Any CPU.Build.0 = Release|Any CPU
	EndGlobalSection
	GlobalSection(SolutionProperties) = preSolution
		HideSolutionNode = FALSE
	EndGlobalSection
	GlobalSection(ExtensibilityGlobals) = postSolution
		SolutionGuid = {7E15A7EE-6CF8-4E67-9844-44F0007E771D}
	EndGlobalSection
EndGlobal
